
Microsoft Visual Studio Solution File, Format Version 12.00
# Visual Studio 15
VisualStudioVersion = 15.0.28307.329
MinimumVisualStudioVersion = 10.0.40219.1
Project("{FAE04EC0-301F-11D3-BF4B-00C04F79EFBC}") = "EatMore.API", "EatMore.API\EatMore.API.csproj", "{75FED25F-FA48-4811-B38F-5381FAE757BC}"
EndProject
Global
	GlobalSection(SolutionConfigurationPlatforms) = preSolution
		Debug|Any CPU = Debug|Any CPU
		Release|Any CPU = Release|Any CPU
	EndGlobalSection
	GlobalSection(ProjectConfigurationPlatforms) = postSolution
		{75FED25F-FA48-4811-B38F-5381FAE757BC}.Debug|Any CPU.ActiveCfg = Debug|Any CPU
		{75FED25F-FA48-4811-B38F-5381FAE757BC}.Debug|Any CPU.Build.0 = Debug|Any CPU
		{75FED25F-FA48-4811-B38F-5381FAE757BC}.Release|Any CPU.ActiveCfg = Release|Any CPU
		{75FED25F-FA48-4811-B38F-5381FAE757BC}.Release|Any CPU.Build.0 = Release|Any CPU
	EndGlobalSection
	GlobalSection(SolutionProperties) = preSolution
		HideSolutionNode = FALSE
	EndGlobalSection
	GlobalSection(ExtensibilityGlobals) = postSolution
		SolutionGuid = {42B202EB-7453-4BA9-AB29-B1FE64C21096}
	EndGlobalSection
EndGlobal
